
Microsoft Visual Studio Solution File, Format Version 12.00
Project("{2150E333-8FDC-42A3-9474-1A3956D46DE8}") = "Server", "Server", "{07222409-D2F7-4729-B22B-FFBA94C17964}"
EndProject
Project("{FAE04EC0-301F-11D3-BF4B-00C04F79EFBC}") = "Entities", "Entities\Entities.csproj", "{852A76FF-4B6A-468F-8867-F66C0246CA1A}"
EndProject
Global
	GlobalSection(SolutionConfigurationPlatforms) = preSolution
		Debug|Any CPU = Debug|Any CPU
		Release|Any CPU = Release|Any CPU
	EndGlobalSection
	GlobalSection(NestedProjects) = preSolution
		{852A76FF-4B6A-468F-8867-F66C0246CA1A} = {07222409-D2F7-4729-B22B-FFBA94C17964}
	EndGlobalSection
	GlobalSection(ProjectConfigurationPlatforms) = postSolution
		{852A76FF-4B6A-468F-8867-F66C0246CA1A}.Debug|Any CPU.ActiveCfg = Debug|Any CPU
		{852A76FF-4B6A-468F-8867-F66C0246CA1A}.Debug|Any CPU.Build.0 = Debug|Any CPU
		{852A76FF-4B6A-468F-8867-F66C0246CA1A}.Release|Any CPU.ActiveCfg = Release|Any CPU
		{852A76FF-4B6A-468F-8867-F66C0246CA1A}.Release|Any CPU.Build.0 = Release|Any CPU
	EndGlobalSection
EndGlobal
