
Microsoft Visual Studio Solution File, Format Version 12.00
Project("{2150E333-8FDC-42A3-9474-1A3956D46DE8}") = "Server", "Server", "{07222409-D2F7-4729-B22B-FFBA94C17964}"
EndProject
Project("{FAE04EC0-301F-11D3-BF4B-00C04F79EFBC}") = "Entities", "Entities\Entities.csproj", "{852A76FF-4B6A-468F-8867-F66C0246CA1A}"
EndProject
Project("{FAE04EC0-301F-11D3-BF4B-00C04F79EFBC}") = "RepositoryContracts", "RepositoryContracts\RepositoryContracts.csproj", "{ACA7880F-F003-48F2-A7E0-127593F40970}"
EndProject
Project("{FAE04EC0-301F-11D3-BF4B-00C04F79EFBC}") = "InMemoryRepositories", "InMemoryRepositories\InMemoryRepositories.csproj", "{47EE7547-7984-403A-86CC-F68E3BCE61D2}"
EndProject
Project("{FAE04EC0-301F-11D3-BF4B-00C04F79EFBC}") = "CLI", "CLI\CLI.csproj", "{421AFEE6-8FD8-4989-8B35-B7AF8E0113BC}"
EndProject
Project("{FAE04EC0-301F-11D3-BF4B-00C04F79EFBC}") = "FileRepositories", "FileRepositories\FileRepositories.csproj", "{1335D080-3672-4630-9029-06D5E6B00F18}"
EndProject
Project("{FAE04EC0-301F-11D3-BF4B-00C04F79EFBC}") = "ApiContracts", "ApiContracts\ApiContracts.csproj", "{86BE5B9A-A575-42D4-A02B-2547FE91D5F3}"
EndProject
Project("{2150E333-8FDC-42A3-9474-1A3956D46DE8}") = "Shared", "Shared", "{C621A98A-996A-444C-A77F-1BEA782E41D6}"
EndProject
Project("{FAE04EC0-301F-11D3-BF4B-00C04F79EFBC}") = "ClassLibrary2", "Shared\ClassLibrary2\ClassLibrary2.csproj", "{09239FFC-F573-4F00-9067-5B6DBEC59838}"
EndProject
Project("{FAE04EC0-301F-11D3-BF4B-00C04F79EFBC}") = "WebApi", "WebApi\WebApi.csproj", "{046EE443-4231-4DC2-B992-7B4CDF669530}"
EndProject
Project("{2150E333-8FDC-42A3-9474-1A3956D46DE8}") = "Client", "Client", "{89CC0BE9-4F1D-44F2-97AF-972A4CE8A5D7}"
EndProject
Project("{FAE04EC0-301F-11D3-BF4B-00C04F79EFBC}") = "WebClient", "Client\WebClient\WebClient.csproj", "{3267FB05-B270-4243-A70C-A5A5F4F5E975}"
EndProject
Project("{FAE04EC0-301F-11D3-BF4B-00C04F79EFBC}") = "EfcRepositories", "EfcRepositories\EfcRepositories.csproj", "{D6B61F8C-BEC4-4832-8600-2ACC4F470B8F}"
EndProject
Global
	GlobalSection(SolutionConfigurationPlatforms) = preSolution
		Debug|Any CPU = Debug|Any CPU
		Release|Any CPU = Release|Any CPU
	EndGlobalSection
	GlobalSection(NestedProjects) = preSolution
		{852A76FF-4B6A-468F-8867-F66C0246CA1A} = {07222409-D2F7-4729-B22B-FFBA94C17964}
		{ACA7880F-F003-48F2-A7E0-127593F40970} = {07222409-D2F7-4729-B22B-FFBA94C17964}
		{47EE7547-7984-403A-86CC-F68E3BCE61D2} = {07222409-D2F7-4729-B22B-FFBA94C17964}
		{421AFEE6-8FD8-4989-8B35-B7AF8E0113BC} = {07222409-D2F7-4729-B22B-FFBA94C17964}
		{1335D080-3672-4630-9029-06D5E6B00F18} = {07222409-D2F7-4729-B22B-FFBA94C17964}
		{09239FFC-F573-4F00-9067-5B6DBEC59838} = {C621A98A-996A-444C-A77F-1BEA782E41D6}
		{86BE5B9A-A575-42D4-A02B-2547FE91D5F3} = {C621A98A-996A-444C-A77F-1BEA782E41D6}
		{3267FB05-B270-4243-A70C-A5A5F4F5E975} = {89CC0BE9-4F1D-44F2-97AF-972A4CE8A5D7}
		{D6B61F8C-BEC4-4832-8600-2ACC4F470B8F} = {07222409-D2F7-4729-B22B-FFBA94C17964}
	EndGlobalSection
	GlobalSection(ProjectConfigurationPlatforms) = postSolution
		{852A76FF-4B6A-468F-8867-F66C0246CA1A}.Debug|Any CPU.ActiveCfg = Debug|Any CPU
		{852A76FF-4B6A-468F-8867-F66C0246CA1A}.Debug|Any CPU.Build.0 = Debug|Any CPU
		{852A76FF-4B6A-468F-8867-F66C0246CA1A}.Release|Any CPU.ActiveCfg = Release|Any CPU
		{852A76FF-4B6A-468F-8867-F66C0246CA1A}.Release|Any CPU.Build.0 = Release|Any CPU
		{ACA7880F-F003-48F2-A7E0-127593F40970}.Debug|Any CPU.ActiveCfg = Debug|Any CPU
		{ACA7880F-F003-48F2-A7E0-127593F40970}.Debug|Any CPU.Build.0 = Debug|Any CPU
		{ACA7880F-F003-48F2-A7E0-127593F40970}.Release|Any CPU.ActiveCfg = Release|Any CPU
		{ACA7880F-F003-48F2-A7E0-127593F40970}.Release|Any CPU.Build.0 = Release|Any CPU
		{47EE7547-7984-403A-86CC-F68E3BCE61D2}.Debug|Any CPU.ActiveCfg = Debug|Any CPU
		{47EE7547-7984-403A-86CC-F68E3BCE61D2}.Debug|Any CPU.Build.0 = Debug|Any CPU
		{47EE7547-7984-403A-86CC-F68E3BCE61D2}.Release|Any CPU.ActiveCfg = Release|Any CPU
		{47EE7547-7984-403A-86CC-F68E3BCE61D2}.Release|Any CPU.Build.0 = Release|Any CPU
		{421AFEE6-8FD8-4989-8B35-B7AF8E0113BC}.Debug|Any CPU.ActiveCfg = Debug|Any CPU
		{421AFEE6-8FD8-4989-8B35-B7AF8E0113BC}.Debug|Any CPU.Build.0 = Debug|Any CPU
		{421AFEE6-8FD8-4989-8B35-B7AF8E0113BC}.Release|Any CPU.ActiveCfg = Release|Any CPU
		{421AFEE6-8FD8-4989-8B35-B7AF8E0113BC}.Release|Any CPU.Build.0 = Release|Any CPU
		{1335D080-3672-4630-9029-06D5E6B00F18}.Debug|Any CPU.ActiveCfg = Debug|Any CPU
		{1335D080-3672-4630-9029-06D5E6B00F18}.Debug|Any CPU.Build.0 = Debug|Any CPU
		{1335D080-3672-4630-9029-06D5E6B00F18}.Release|Any CPU.ActiveCfg = Release|Any CPU
		{1335D080-3672-4630-9029-06D5E6B00F18}.Release|Any CPU.Build.0 = Release|Any CPU
		{86BE5B9A-A575-42D4-A02B-2547FE91D5F3}.Debug|Any CPU.ActiveCfg = Debug|Any CPU
		{86BE5B9A-A575-42D4-A02B-2547FE91D5F3}.Debug|Any CPU.Build.0 = Debug|Any CPU
		{86BE5B9A-A575-42D4-A02B-2547FE91D5F3}.Release|Any CPU.ActiveCfg = Release|Any CPU
		{86BE5B9A-A575-42D4-A02B-2547FE91D5F3}.Release|Any CPU.Build.0 = Release|Any CPU
		{09239FFC-F573-4F00-9067-5B6DBEC59838}.Debug|Any CPU.ActiveCfg = Debug|Any CPU
		{09239FFC-F573-4F00-9067-5B6DBEC59838}.Debug|Any CPU.Build.0 = Debug|Any CPU
		{09239FFC-F573-4F00-9067-5B6DBEC59838}.Release|Any CPU.ActiveCfg = Release|Any CPU
		{09239FFC-F573-4F00-9067-5B6DBEC59838}.Release|Any CPU.Build.0 = Release|Any CPU
		{046EE443-4231-4DC2-B992-7B4CDF669530}.Debug|Any CPU.ActiveCfg = Debug|Any CPU
		{046EE443-4231-4DC2-B992-7B4CDF669530}.Debug|Any CPU.Build.0 = Debug|Any CPU
		{046EE443-4231-4DC2-B992-7B4CDF669530}.Release|Any CPU.ActiveCfg = Release|Any CPU
		{046EE443-4231-4DC2-B992-7B4CDF669530}.Release|Any CPU.Build.0 = Release|Any CPU
		{3267FB05-B270-4243-A70C-A5A5F4F5E975}.Debug|Any CPU.ActiveCfg = Debug|Any CPU
		{3267FB05-B270-4243-A70C-A5A5F4F5E975}.Debug|Any CPU.Build.0 = Debug|Any CPU
		{3267FB05-B270-4243-A70C-A5A5F4F5E975}.Release|Any CPU.ActiveCfg = Release|Any CPU
		{3267FB05-B270-4243-A70C-A5A5F4F5E975}.Release|Any CPU.Build.0 = Release|Any CPU
		{D6B61F8C-BEC4-4832-8600-2ACC4F470B8F}.Debug|Any CPU.ActiveCfg = Debug|Any CPU
		{D6B61F8C-BEC4-4832-8600-2ACC4F470B8F}.Debug|Any CPU.Build.0 = Debug|Any CPU
		{D6B61F8C-BEC4-4832-8600-2ACC4F470B8F}.Release|Any CPU.ActiveCfg = Release|Any CPU
		{D6B61F8C-BEC4-4832-8600-2ACC4F470B8F}.Release|Any CPU.Build.0 = Release|Any CPU
	EndGlobalSection
EndGlobal
